
Microsoft Visual Studio Solution File, Format Version 12.00
# Visual Studio Version 17
VisualStudioVersion = 17.5.33414.496
MinimumVisualStudioVersion = 10.0.40219.1
Project("{FAE04EC0-301F-11D3-BF4B-00C04F79EFBC}") = "ScoreSystem", "ScoreSystem\ScoreSystem.csproj", "{B9F83239-3B15-48DD-9FD3-46017ED597F4}"
EndProject
Global
	GlobalSection(SolutionConfigurationPlatforms) = preSolution
		Debug|Any CPU = Debug|Any CPU
		Release|Any CPU = Release|Any CPU
	EndGlobalSection
	GlobalSection(ProjectConfigurationPlatforms) = postSolution
		{B9F83239-3B15-48DD-9FD3-46017ED597F4}.Debug|Any CPU.ActiveCfg = Debug|Any CPU
		{B9F83239-3B15-48DD-9FD3-46017ED597F4}.Debug|Any CPU.Build.0 = Debug|Any CPU
		{B9F83239-3B15-48DD-9FD3-46017ED597F4}.Release|Any CPU.ActiveCfg = Release|Any CPU
		{B9F83239-3B15-48DD-9FD3-46017ED597F4}.Release|Any CPU.Build.0 = Release|Any CPU
	EndGlobalSection
	GlobalSection(SolutionProperties) = preSolution
		HideSolutionNode = FALSE
	EndGlobalSection
	GlobalSection(ExtensibilityGlobals) = postSolution
		SolutionGuid = {4FD26E5A-97BD-4301-BC1C-C0C81584E0B3}
	EndGlobalSection
EndGlobal
